
Microsoft Visual Studio Solution File, Format Version 12.00
# Visual Studio 15
Project("{FAE04EC0-301F-11D3-BF4B-00C04F79EFBC}") = "Assembly-CSharp", "Assembly-CSharp.csproj", "{E8721799-0767-DABF-499C-C43FDB2469EC}"
EndProject
Project("{FAE04EC0-301F-11D3-BF4B-00C04F79EFBC}") = "Boxophobic.Utils.Editor", "Boxophobic.Utils.Editor.csproj", "{9C72A510-3A55-C713-E110-77FA6AAF6154}"
EndProject
Project("{FAE04EC0-301F-11D3-BF4B-00C04F79EFBC}") = "Boxophobic.Utils.Scripts", "Boxophobic.Utils.Scripts.csproj", "{554EAA3F-46C4-BA61-9E42-B3A4A6BAA630}"
EndProject
Project("{FAE04EC0-301F-11D3-BF4B-00C04F79EFBC}") = "Assembly-CSharp-Editor", "Assembly-CSharp-Editor.csproj", "{7C0968CE-0142-8885-F45C-7AFB6C96FC29}"
EndProject
Project("{FAE04EC0-301F-11D3-BF4B-00C04F79EFBC}") = "Boxophobic.SkyboxCubemapExtended.Editor", "Boxophobic.SkyboxCubemapExtended.Editor.csproj", "{C15C3934-DD07-A0C7-7C61-E632D51B6FC0}"
EndProject
Global
	GlobalSection(SolutionConfigurationPlatforms) = preSolution
		Debug|Any CPU = Debug|Any CPU
		Release|Any CPU = Release|Any CPU
	EndGlobalSection
	GlobalSection(ProjectConfigurationPlatforms) = postSolution
		{E8721799-0767-DABF-499C-C43FDB2469EC}.Debug|Any CPU.ActiveCfg = Debug|Any CPU
		{E8721799-0767-DABF-499C-C43FDB2469EC}.Debug|Any CPU.Build.0 = Debug|Any CPU
		{E8721799-0767-DABF-499C-C43FDB2469EC}.Release|Any CPU.ActiveCfg = Release|Any CPU
		{E8721799-0767-DABF-499C-C43FDB2469EC}.Release|Any CPU.Build.0 = Release|Any CPU
		{9C72A510-3A55-C713-E110-77FA6AAF6154}.Debug|Any CPU.ActiveCfg = Debug|Any CPU
		{9C72A510-3A55-C713-E110-77FA6AAF6154}.Debug|Any CPU.Build.0 = Debug|Any CPU
		{9C72A510-3A55-C713-E110-77FA6AAF6154}.Release|Any CPU.ActiveCfg = Release|Any CPU
		{9C72A510-3A55-C713-E110-77FA6AAF6154}.Release|Any CPU.Build.0 = Release|Any CPU
		{554EAA3F-46C4-BA61-9E42-B3A4A6BAA630}.Debug|Any CPU.ActiveCfg = Debug|Any CPU
		{554EAA3F-46C4-BA61-9E42-B3A4A6BAA630}.Debug|Any CPU.Build.0 = Debug|Any CPU
		{554EAA3F-46C4-BA61-9E42-B3A4A6BAA630}.Release|Any CPU.ActiveCfg = Release|Any CPU
		{554EAA3F-46C4-BA61-9E42-B3A4A6BAA630}.Release|Any CPU.Build.0 = Release|Any CPU
		{7C0968CE-0142-8885-F45C-7AFB6C96FC29}.Debug|Any CPU.ActiveCfg = Debug|Any CPU
		{7C0968CE-0142-8885-F45C-7AFB6C96FC29}.Debug|Any CPU.Build.0 = Debug|Any CPU
		{7C0968CE-0142-8885-F45C-7AFB6C96FC29}.Release|Any CPU.ActiveCfg = Release|Any CPU
		{7C0968CE-0142-8885-F45C-7AFB6C96FC29}.Release|Any CPU.Build.0 = Release|Any CPU
		{C15C3934-DD07-A0C7-7C61-E632D51B6FC0}.Debug|Any CPU.ActiveCfg = Debug|Any CPU
		{C15C3934-DD07-A0C7-7C61-E632D51B6FC0}.Debug|Any CPU.Build.0 = Debug|Any CPU
		{C15C3934-DD07-A0C7-7C61-E632D51B6FC0}.Release|Any CPU.ActiveCfg = Release|Any CPU
		{C15C3934-DD07-A0C7-7C61-E632D51B6FC0}.Release|Any CPU.Build.0 = Release|Any CPU
	EndGlobalSection
	GlobalSection(SolutionProperties) = preSolution
		HideSolutionNode = FALSE
	EndGlobalSection
EndGlobal
